
Microsoft Visual Studio Solution File, Format Version 12.00
# Visual Studio Version 17
VisualStudioVersion = 17.12.35707.178 d17.12
MinimumVisualStudioVersion = 10.0.40219.1
Project("{FAE04EC0-301F-11D3-BF4B-00C04F79EFBC}") = "piskvorky", "piskvorky\piskvorky.csproj", "{CA0805B2-1348-447A-9B69-402AB107FBDC}"
EndProject
Global
	GlobalSection(SolutionConfigurationPlatforms) = preSolution
		Debug|Any CPU = Debug|Any CPU
		Release|Any CPU = Release|Any CPU
	EndGlobalSection
	GlobalSection(ProjectConfigurationPlatforms) = postSolution
		{CA0805B2-1348-447A-9B69-402AB107FBDC}.Debug|Any CPU.ActiveCfg = Debug|Any CPU
		{CA0805B2-1348-447A-9B69-402AB107FBDC}.Debug|Any CPU.Build.0 = Debug|Any CPU
		{CA0805B2-1348-447A-9B69-402AB107FBDC}.Debug|Any CPU.Deploy.0 = Debug|Any CPU
		{CA0805B2-1348-447A-9B69-402AB107FBDC}.Release|Any CPU.ActiveCfg = Release|Any CPU
		{CA0805B2-1348-447A-9B69-402AB107FBDC}.Release|Any CPU.Build.0 = Release|Any CPU
		{CA0805B2-1348-447A-9B69-402AB107FBDC}.Release|Any CPU.Deploy.0 = Release|Any CPU
	EndGlobalSection
	GlobalSection(SolutionProperties) = preSolution
		HideSolutionNode = FALSE
	EndGlobalSection
EndGlobal
